
Microsoft Visual Studio Solution File, Format Version 12.00
# Visual Studio Version 16
VisualStudioVersion = 16.0.30114.105
MinimumVisualStudioVersion = 10.0.40219.1
Project("{888888A0-9F3D-457C-B088-3A5042F75D52}") = "machinelearning", "machinelearning.pyproj", "{6A0534B9-7458-4D66-B70B-EFE1EAFF643A}"
EndProject
Global
	GlobalSection(SolutionConfigurationPlatforms) = preSolution
		Debug|Any CPU = Debug|Any CPU
		Release|Any CPU = Release|Any CPU
	EndGlobalSection
	GlobalSection(ProjectConfigurationPlatforms) = postSolution
		{6A0534B9-7458-4D66-B70B-EFE1EAFF643A}.Debug|Any CPU.ActiveCfg = Debug|Any CPU
		{6A0534B9-7458-4D66-B70B-EFE1EAFF643A}.Release|Any CPU.ActiveCfg = Release|Any CPU
	EndGlobalSection
	GlobalSection(SolutionProperties) = preSolution
		HideSolutionNode = FALSE
	EndGlobalSection
	GlobalSection(ExtensibilityGlobals) = postSolution
		SolutionGuid = {21717450-CA76-464D-8B67-1ADC78920EF4}
	EndGlobalSection
EndGlobal
